{
  "R": {
    "Version": "4.4.1",
    "Repositories": [
      {
        "Name": "CRAN",
        "URL": "https://ftp.belnet.be/mirror/CRAN"
      }
    ]
  },
  "Packages": {
    "fs": {
      "Package": "fs",
      "Version": "1.6.4",
      "Source": "Repository",
      "Repository": "CRAN",
      "Requirements": [
        "R",
        "methods"
      ],
      "Hash": "15aeb8c27f5ea5161f9f6a641fafd93a"
    },
    "jaspModuleBundleManager": {
      "Package": "jaspModuleBundleManager",
      "Version": "0.1.0",
      "Source": "GitHub",
      "RemoteType": "github",
      "RemoteHost": "api.github.com",
      "RemoteUsername": "jasp-stats",
      "RemoteRepo": "jaspModuleBundleManager",
      "RemoteRef": "master",
      "RemoteSha": "0dcf69e7dccb51f81cf89c5eaed46272066378bb",
      "Requirements": [
        "R",
        "curl",
        "fs",
        "openssl",
        "rjson",
        "stringr",
        "tools",
        "utils",
        "zip"
      ],
      "Hash": "0f47f03eae64f1c84dbfbfaa05a9ce34"
    },
    "jaspModuleInstaller": {
      "Package": "jaspModuleInstaller",
      "Version": "0.1.0",
      "Source": "GitHub",
      "RemoteType": "github",
      "RemoteHost": "api.github.com",
      "RemoteUsername": "jasp-stats",
      "RemoteRepo": "jaspModuleInstaller",
      "RemoteRef": "master",
      "RemoteSha": "8d0666d70641bd3515eb05cd231ac3647b894fc9",
      "Requirements": [
        "R",
        "renv",
        "tools",
        "utils"
      ],
      "Hash": "0348df4684c688721ac98cf6346224ac"
    },
    "renv": {
      "Package": "renv",
      "Version": "1.0.11",
      "Source": "Repository",
      "Repository": "CRAN",
      "Requirements": [
        "utils"
      ],
      "Hash": "ef233f0e9064fc88c898b340c9add5c2"
    }
  }
}
